
Microsoft Visual Studio Solution File, Format Version 12.00
# Visual Studio 2017
Project("{FAE04EC0-301F-11D3-BF4B-00C04F79EFBC}") = "ShaderTest2", "ShaderTest2.csproj", "{FFB69294-2728-0CFF-7EDE-E9F9B79A3494}"
EndProject
Global
	GlobalSection(SolutionConfigurationPlatforms) = preSolution
		Debug|Any CPU = Debug|Any CPU
		Release|Any CPU = Release|Any CPU
	EndGlobalSection
	GlobalSection(ProjectConfigurationPlatforms) = postSolution
		{FFB69294-2728-0CFF-7EDE-E9F9B79A3494}.Debug|Any CPU.ActiveCfg = Debug|Any CPU
		{FFB69294-2728-0CFF-7EDE-E9F9B79A3494}.Debug|Any CPU.Build.0 = Debug|Any CPU
		{FFB69294-2728-0CFF-7EDE-E9F9B79A3494}.Release|Any CPU.ActiveCfg = Release|Any CPU
		{FFB69294-2728-0CFF-7EDE-E9F9B79A3494}.Release|Any CPU.Build.0 = Release|Any CPU
	EndGlobalSection
	GlobalSection(SolutionProperties) = preSolution
		HideSolutionNode = FALSE
	EndGlobalSection
EndGlobal
